
Microsoft Visual Studio Solution File, Format Version 12.00
# Visual Studio 2013
VisualStudioVersion = 12.0.31101.0
MinimumVisualStudioVersion = 10.0.40219.1
Project("{FAE04EC0-301F-11D3-BF4B-00C04F79EFBC}") = "CalibratieForms", "CalibratieForms\CalibratieForms.csproj", "{B0373318-4718-49C6-B774-7CC2EBEBEE58}"
	ProjectSection(ProjectDependencies) = postProject
		{390C417B-622C-4012-B737-6339483F4316} = {390C417B-622C-4012-B737-6339483F4316}
	EndProjectSection
EndProject
Project("{FAE04EC0-301F-11D3-BF4B-00C04F79EFBC}") = "OpenTKLib", "..\..\..\..\Desktop\calibratie\opentk\source\OpenTKLib\OpenTKLib.csproj", "{DF1F2330-134C-4EC6-A97C-3011D3072F0A}"
EndProject
Project("{FAE04EC0-301F-11D3-BF4B-00C04F79EFBC}") = "OpenTKTest", "..\..\..\..\Desktop\calibratie\opentk\source\OpenTKTest\OpenTKTest.csproj", "{546A9835-C8BC-4C43-A01C-C6603AF6674E}"
EndProject
Project("{FAE04EC0-301F-11D3-BF4B-00C04F79EFBC}") = "ThemeVS2003", "..\..\..\..\Desktop\calibratie\dockpanelsuite-master\WinFormsUI\ThemeVS2003.csproj", "{719F0F69-66DA-438D-B5BB-2D883EF4ACE2}"
EndProject
Project("{FAE04EC0-301F-11D3-BF4B-00C04F79EFBC}") = "SceneManager", "SceneManager\SceneManager.csproj", "{59279DB9-6D27-4533-97BB-B431C6BD892C}"
EndProject
Project("{8BC9CEB8-8B4A-11D0-8D11-00A0C91BC942}") = "ceres", "..\..\..\..\Desktop\calibratie\ceres-windows-master\win\ceres.vcxproj", "{FD1EA691-965A-49A9-83C7-530A9FE82B44}"
EndProject
Project("{8BC9CEB8-8B4A-11D0-8D11-00A0C91BC942}") = "ceresdotnet", "ceresdotnet\ceresdotnet.vcxproj", "{D72410C3-ED53-4135-94E2-98DC27BEF8F1}"
EndProject
Project("{FAE04EC0-301F-11D3-BF4B-00C04F79EFBC}") = "Calibratie", "Calibratie\Calibratie.csproj", "{08E756D5-DBCE-463A-B0D6-0AF266636174}"
EndProject
Project("{8BC9CEB8-8B4A-11D0-8D11-00A0C91BC942}") = "ArUcoNET", "ArUcoNET\ArUcoNET.vcxproj", "{390C417B-622C-4012-B737-6339483F4316}"
EndProject
Project("{FAE04EC0-301F-11D3-BF4B-00C04F79EFBC}") = "chessboard_generate", "..\chessboard_generate\chessboard_generate\chessboard_generate.csproj", "{7C23ACD4-22CF-499A-8249-BBBF5F3C7776}"
EndProject
Project("{FAE04EC0-301F-11D3-BF4B-00C04F79EFBC}") = "WpfApplication1", "WpfApplication1\WpfApplication1.csproj", "{0E2CE9D7-119A-4CA7-BF3B-4BB3C16FB3FE}"
EndProject
Global
	GlobalSection(SolutionConfigurationPlatforms) = preSolution
		Debug|Any CPU = Debug|Any CPU
		Debug|Mixed Platforms = Debug|Mixed Platforms
		Debug|x64 = Debug|x64
		Release|Any CPU = Release|Any CPU
		Release|Mixed Platforms = Release|Mixed Platforms
		Release|x64 = Release|x64
	EndGlobalSection
	GlobalSection(ProjectConfigurationPlatforms) = postSolution
		{B0373318-4718-49C6-B774-7CC2EBEBEE58}.Debug|Any CPU.ActiveCfg = Debug|Any CPU
		{B0373318-4718-49C6-B774-7CC2EBEBEE58}.Debug|Any CPU.Build.0 = Debug|Any CPU
		{B0373318-4718-49C6-B774-7CC2EBEBEE58}.Debug|Mixed Platforms.ActiveCfg = Debug|Any CPU
		{B0373318-4718-49C6-B774-7CC2EBEBEE58}.Debug|Mixed Platforms.Build.0 = Debug|Any CPU
		{B0373318-4718-49C6-B774-7CC2EBEBEE58}.Debug|x64.ActiveCfg = Debug|Any CPU
		{B0373318-4718-49C6-B774-7CC2EBEBEE58}.Debug|x64.Build.0 = Debug|Any CPU
		{B0373318-4718-49C6-B774-7CC2EBEBEE58}.Release|Any CPU.ActiveCfg = Release|Any CPU
		{B0373318-4718-49C6-B774-7CC2EBEBEE58}.Release|Any CPU.Build.0 = Release|Any CPU
		{B0373318-4718-49C6-B774-7CC2EBEBEE58}.Release|Mixed Platforms.ActiveCfg = Release|Any CPU
		{B0373318-4718-49C6-B774-7CC2EBEBEE58}.Release|Mixed Platforms.Build.0 = Release|Any CPU
		{B0373318-4718-49C6-B774-7CC2EBEBEE58}.Release|x64.ActiveCfg = Release|Any CPU
		{DF1F2330-134C-4EC6-A97C-3011D3072F0A}.Debug|Any CPU.ActiveCfg = Debug|Any CPU
		{DF1F2330-134C-4EC6-A97C-3011D3072F0A}.Debug|Any CPU.Build.0 = Debug|Any CPU
		{DF1F2330-134C-4EC6-A97C-3011D3072F0A}.Debug|Mixed Platforms.ActiveCfg = Debug|Any CPU
		{DF1F2330-134C-4EC6-A97C-3011D3072F0A}.Debug|Mixed Platforms.Build.0 = Debug|Any CPU
		{DF1F2330-134C-4EC6-A97C-3011D3072F0A}.Debug|x64.ActiveCfg = Debug|Any CPU
		{DF1F2330-134C-4EC6-A97C-3011D3072F0A}.Release|Any CPU.ActiveCfg = Release|Any CPU
		{DF1F2330-134C-4EC6-A97C-3011D3072F0A}.Release|Any CPU.Build.0 = Release|Any CPU
		{DF1F2330-134C-4EC6-A97C-3011D3072F0A}.Release|Mixed Platforms.ActiveCfg = Release|Any CPU
		{DF1F2330-134C-4EC6-A97C-3011D3072F0A}.Release|Mixed Platforms.Build.0 = Release|Any CPU
		{DF1F2330-134C-4EC6-A97C-3011D3072F0A}.Release|x64.ActiveCfg = Release|Any CPU
		{546A9835-C8BC-4C43-A01C-C6603AF6674E}.Debug|Any CPU.ActiveCfg = Debug|Any CPU
		{546A9835-C8BC-4C43-A01C-C6603AF6674E}.Debug|Any CPU.Build.0 = Debug|Any CPU
		{546A9835-C8BC-4C43-A01C-C6603AF6674E}.Debug|Mixed Platforms.ActiveCfg = Debug|Any CPU
		{546A9835-C8BC-4C43-A01C-C6603AF6674E}.Debug|Mixed Platforms.Build.0 = Debug|Any CPU
		{546A9835-C8BC-4C43-A01C-C6603AF6674E}.Debug|x64.ActiveCfg = Debug|Any CPU
		{546A9835-C8BC-4C43-A01C-C6603AF6674E}.Release|Any CPU.ActiveCfg = Release|Any CPU
		{546A9835-C8BC-4C43-A01C-C6603AF6674E}.Release|Any CPU.Build.0 = Release|Any CPU
		{546A9835-C8BC-4C43-A01C-C6603AF6674E}.Release|Mixed Platforms.ActiveCfg = Release|Any CPU
		{546A9835-C8BC-4C43-A01C-C6603AF6674E}.Release|Mixed Platforms.Build.0 = Release|Any CPU
		{546A9835-C8BC-4C43-A01C-C6603AF6674E}.Release|x64.ActiveCfg = Release|Any CPU
		{719F0F69-66DA-438D-B5BB-2D883EF4ACE2}.Debug|Any CPU.ActiveCfg = Debug|Any CPU
		{719F0F69-66DA-438D-B5BB-2D883EF4ACE2}.Debug|Any CPU.Build.0 = Debug|Any CPU
		{719F0F69-66DA-438D-B5BB-2D883EF4ACE2}.Debug|Mixed Platforms.ActiveCfg = Debug|Any CPU
		{719F0F69-66DA-438D-B5BB-2D883EF4ACE2}.Debug|Mixed Platforms.Build.0 = Debug|Any CPU
		{719F0F69-66DA-438D-B5BB-2D883EF4ACE2}.Debug|x64.ActiveCfg = Debug|Any CPU
		{719F0F69-66DA-438D-B5BB-2D883EF4ACE2}.Release|Any CPU.ActiveCfg = Release|Any CPU
		{719F0F69-66DA-438D-B5BB-2D883EF4ACE2}.Release|Any CPU.Build.0 = Release|Any CPU
		{719F0F69-66DA-438D-B5BB-2D883EF4ACE2}.Release|Mixed Platforms.ActiveCfg = Release|Any CPU
		{719F0F69-66DA-438D-B5BB-2D883EF4ACE2}.Release|Mixed Platforms.Build.0 = Release|Any CPU
		{719F0F69-66DA-438D-B5BB-2D883EF4ACE2}.Release|x64.ActiveCfg = Release|Any CPU
		{59279DB9-6D27-4533-97BB-B431C6BD892C}.Debug|Any CPU.ActiveCfg = Debug|Any CPU
		{59279DB9-6D27-4533-97BB-B431C6BD892C}.Debug|Any CPU.Build.0 = Debug|Any CPU
		{59279DB9-6D27-4533-97BB-B431C6BD892C}.Debug|Mixed Platforms.ActiveCfg = Debug|Any CPU
		{59279DB9-6D27-4533-97BB-B431C6BD892C}.Debug|Mixed Platforms.Build.0 = Debug|Any CPU
		{59279DB9-6D27-4533-97BB-B431C6BD892C}.Debug|x64.ActiveCfg = Debug|Any CPU
		{59279DB9-6D27-4533-97BB-B431C6BD892C}.Debug|x64.Build.0 = Debug|Any CPU
		{59279DB9-6D27-4533-97BB-B431C6BD892C}.Release|Any CPU.ActiveCfg = Release|Any CPU
		{59279DB9-6D27-4533-97BB-B431C6BD892C}.Release|Any CPU.Build.0 = Release|Any CPU
		{59279DB9-6D27-4533-97BB-B431C6BD892C}.Release|Mixed Platforms.ActiveCfg = Release|Any CPU
		{59279DB9-6D27-4533-97BB-B431C6BD892C}.Release|Mixed Platforms.Build.0 = Release|Any CPU
		{59279DB9-6D27-4533-97BB-B431C6BD892C}.Release|x64.ActiveCfg = Release|Any CPU
		{FD1EA691-965A-49A9-83C7-530A9FE82B44}.Debug|Any CPU.ActiveCfg = Debug|Win32
		{FD1EA691-965A-49A9-83C7-530A9FE82B44}.Debug|Mixed Platforms.ActiveCfg = Debug|x64
		{FD1EA691-965A-49A9-83C7-530A9FE82B44}.Debug|Mixed Platforms.Build.0 = Debug|x64
		{FD1EA691-965A-49A9-83C7-530A9FE82B44}.Debug|x64.ActiveCfg = Debug|x64
		{FD1EA691-965A-49A9-83C7-530A9FE82B44}.Release|Any CPU.ActiveCfg = Release|Win32
		{FD1EA691-965A-49A9-83C7-530A9FE82B44}.Release|Mixed Platforms.ActiveCfg = Release|Win32
		{FD1EA691-965A-49A9-83C7-530A9FE82B44}.Release|Mixed Platforms.Build.0 = Release|Win32
		{FD1EA691-965A-49A9-83C7-530A9FE82B44}.Release|x64.ActiveCfg = Release|x64
		{FD1EA691-965A-49A9-83C7-530A9FE82B44}.Release|x64.Build.0 = Release|x64
		{D72410C3-ED53-4135-94E2-98DC27BEF8F1}.Debug|Any CPU.ActiveCfg = Debug|Win32
		{D72410C3-ED53-4135-94E2-98DC27BEF8F1}.Debug|Mixed Platforms.ActiveCfg = Debug|x64
		{D72410C3-ED53-4135-94E2-98DC27BEF8F1}.Debug|Mixed Platforms.Build.0 = Debug|x64
		{D72410C3-ED53-4135-94E2-98DC27BEF8F1}.Debug|x64.ActiveCfg = Debug|x64
		{D72410C3-ED53-4135-94E2-98DC27BEF8F1}.Release|Any CPU.ActiveCfg = Release|Win32
		{D72410C3-ED53-4135-94E2-98DC27BEF8F1}.Release|Mixed Platforms.ActiveCfg = Release|Win32
		{D72410C3-ED53-4135-94E2-98DC27BEF8F1}.Release|Mixed Platforms.Build.0 = Release|Win32
		{D72410C3-ED53-4135-94E2-98DC27BEF8F1}.Release|x64.ActiveCfg = Release|Win32
		{08E756D5-DBCE-463A-B0D6-0AF266636174}.Debug|Any CPU.ActiveCfg = Debug|Any CPU
		{08E756D5-DBCE-463A-B0D6-0AF266636174}.Debug|Any CPU.Build.0 = Debug|Any CPU
		{08E756D5-DBCE-463A-B0D6-0AF266636174}.Debug|Mixed Platforms.ActiveCfg = Debug|Any CPU
		{08E756D5-DBCE-463A-B0D6-0AF266636174}.Debug|Mixed Platforms.Build.0 = Debug|Any CPU
		{08E756D5-DBCE-463A-B0D6-0AF266636174}.Debug|x64.ActiveCfg = Debug|Any CPU
		{08E756D5-DBCE-463A-B0D6-0AF266636174}.Debug|x64.Build.0 = Debug|Any CPU
		{08E756D5-DBCE-463A-B0D6-0AF266636174}.Release|Any CPU.ActiveCfg = Release|Any CPU
		{08E756D5-DBCE-463A-B0D6-0AF266636174}.Release|Any CPU.Build.0 = Release|Any CPU
		{08E756D5-DBCE-463A-B0D6-0AF266636174}.Release|Mixed Platforms.ActiveCfg = Release|Any CPU
		{08E756D5-DBCE-463A-B0D6-0AF266636174}.Release|Mixed Platforms.Build.0 = Release|Any CPU
		{08E756D5-DBCE-463A-B0D6-0AF266636174}.Release|x64.ActiveCfg = Release|Any CPU
		{390C417B-622C-4012-B737-6339483F4316}.Debug|Any CPU.ActiveCfg = Debug|Win32
		{390C417B-622C-4012-B737-6339483F4316}.Debug|Mixed Platforms.ActiveCfg = Debug|x64
		{390C417B-622C-4012-B737-6339483F4316}.Debug|Mixed Platforms.Build.0 = Debug|x64
		{390C417B-622C-4012-B737-6339483F4316}.Debug|x64.ActiveCfg = Debug|x64
		{390C417B-622C-4012-B737-6339483F4316}.Debug|x64.Build.0 = Debug|x64
		{390C417B-622C-4012-B737-6339483F4316}.Release|Any CPU.ActiveCfg = Release|Win32
		{390C417B-622C-4012-B737-6339483F4316}.Release|Mixed Platforms.ActiveCfg = Release|Win32
		{390C417B-622C-4012-B737-6339483F4316}.Release|Mixed Platforms.Build.0 = Release|Win32
		{390C417B-622C-4012-B737-6339483F4316}.Release|x64.ActiveCfg = Release|x64
		{390C417B-622C-4012-B737-6339483F4316}.Release|x64.Build.0 = Release|x64
		{7C23ACD4-22CF-499A-8249-BBBF5F3C7776}.Debug|Any CPU.ActiveCfg = Debug|Any CPU
		{7C23ACD4-22CF-499A-8249-BBBF5F3C7776}.Debug|Any CPU.Build.0 = Debug|Any CPU
		{7C23ACD4-22CF-499A-8249-BBBF5F3C7776}.Debug|Mixed Platforms.ActiveCfg = Debug|Any CPU
		{7C23ACD4-22CF-499A-8249-BBBF5F3C7776}.Debug|Mixed Platforms.Build.0 = Debug|Any CPU
		{7C23ACD4-22CF-499A-8249-BBBF5F3C7776}.Debug|x64.ActiveCfg = Debug|Any CPU
		{7C23ACD4-22CF-499A-8249-BBBF5F3C7776}.Release|Any CPU.ActiveCfg = Release|Any CPU
		{7C23ACD4-22CF-499A-8249-BBBF5F3C7776}.Release|Any CPU.Build.0 = Release|Any CPU
		{7C23ACD4-22CF-499A-8249-BBBF5F3C7776}.Release|Mixed Platforms.ActiveCfg = Release|Any CPU
		{7C23ACD4-22CF-499A-8249-BBBF5F3C7776}.Release|Mixed Platforms.Build.0 = Release|Any CPU
		{7C23ACD4-22CF-499A-8249-BBBF5F3C7776}.Release|x64.ActiveCfg = Release|Any CPU
		{0E2CE9D7-119A-4CA7-BF3B-4BB3C16FB3FE}.Debug|Any CPU.ActiveCfg = Debug|Any CPU
		{0E2CE9D7-119A-4CA7-BF3B-4BB3C16FB3FE}.Debug|Any CPU.Build.0 = Debug|Any CPU
		{0E2CE9D7-119A-4CA7-BF3B-4BB3C16FB3FE}.Debug|Mixed Platforms.ActiveCfg = Debug|Any CPU
		{0E2CE9D7-119A-4CA7-BF3B-4BB3C16FB3FE}.Debug|Mixed Platforms.Build.0 = Debug|Any CPU
		{0E2CE9D7-119A-4CA7-BF3B-4BB3C16FB3FE}.Debug|x64.ActiveCfg = Debug|Any CPU
		{0E2CE9D7-119A-4CA7-BF3B-4BB3C16FB3FE}.Release|Any CPU.ActiveCfg = Release|Any CPU
		{0E2CE9D7-119A-4CA7-BF3B-4BB3C16FB3FE}.Release|Any CPU.Build.0 = Release|Any CPU
		{0E2CE9D7-119A-4CA7-BF3B-4BB3C16FB3FE}.Release|Mixed Platforms.ActiveCfg = Release|Any CPU
		{0E2CE9D7-119A-4CA7-BF3B-4BB3C16FB3FE}.Release|Mixed Platforms.Build.0 = Release|Any CPU
		{0E2CE9D7-119A-4CA7-BF3B-4BB3C16FB3FE}.Release|x64.ActiveCfg = Release|Any CPU
	EndGlobalSection
	GlobalSection(SolutionProperties) = preSolution
		HideSolutionNode = FALSE
	EndGlobalSection
EndGlobal
